
Microsoft Visual Studio Solution File, Format Version 12.00
# Visual Studio Version 16
VisualStudioVersion = 16.0.30907.101
MinimumVisualStudioVersion = 10.0.40219.1
Project("{9A19103F-16F7-4668-BE54-9A1E7A4F7556}") = "KampIntro", "KampIntro\KampIntro.csproj", "{BC401275-A90C-444F-81ED-933A4F4CC575}"
EndProject
Project("{9A19103F-16F7-4668-BE54-9A1E7A4F7556}") = "Donguler", "Donguler\Donguler.csproj", "{3F71B60D-828B-40CF-BB6D-7D3BF45AE9F5}"
EndProject
Project("{9A19103F-16F7-4668-BE54-9A1E7A4F7556}") = "ClassIntro", "ClassIntro\ClassIntro.csproj", "{B445F867-FD64-4811-ACBA-0537B7C2B6B0}"
EndProject
Project("{9A19103F-16F7-4668-BE54-9A1E7A4F7556}") = "Methods", "Methods\Methods.csproj", "{7789D767-C8CC-4F31-9514-649A62357244}"
EndProject
Project("{FAE04EC0-301F-11D3-BF4B-00C04F79EFBC}") = "OOP1", "OOP1\OOP1.csproj", "{9970D11F-0009-4F69-8DAC-D5EA2EF0A415}"
EndProject
Project("{FAE04EC0-301F-11D3-BF4B-00C04F79EFBC}") = "Collections", "Collections\Collections.csproj", "{9C6336DD-D251-4645-A3DC-5113C24836FA}"
EndProject
Global
	GlobalSection(SolutionConfigurationPlatforms) = preSolution
		Debug|Any CPU = Debug|Any CPU
		Release|Any CPU = Release|Any CPU
	EndGlobalSection
	GlobalSection(ProjectConfigurationPlatforms) = postSolution
		{BC401275-A90C-444F-81ED-933A4F4CC575}.Debug|Any CPU.ActiveCfg = Debug|Any CPU
		{BC401275-A90C-444F-81ED-933A4F4CC575}.Debug|Any CPU.Build.0 = Debug|Any CPU
		{BC401275-A90C-444F-81ED-933A4F4CC575}.Release|Any CPU.ActiveCfg = Release|Any CPU
		{BC401275-A90C-444F-81ED-933A4F4CC575}.Release|Any CPU.Build.0 = Release|Any CPU
		{3F71B60D-828B-40CF-BB6D-7D3BF45AE9F5}.Debug|Any CPU.ActiveCfg = Debug|Any CPU
		{3F71B60D-828B-40CF-BB6D-7D3BF45AE9F5}.Debug|Any CPU.Build.0 = Debug|Any CPU
		{3F71B60D-828B-40CF-BB6D-7D3BF45AE9F5}.Release|Any CPU.ActiveCfg = Release|Any CPU
		{3F71B60D-828B-40CF-BB6D-7D3BF45AE9F5}.Release|Any CPU.Build.0 = Release|Any CPU
		{B445F867-FD64-4811-ACBA-0537B7C2B6B0}.Debug|Any CPU.ActiveCfg = Debug|Any CPU
		{B445F867-FD64-4811-ACBA-0537B7C2B6B0}.Debug|Any CPU.Build.0 = Debug|Any CPU
		{B445F867-FD64-4811-ACBA-0537B7C2B6B0}.Release|Any CPU.ActiveCfg = Release|Any CPU
		{B445F867-FD64-4811-ACBA-0537B7C2B6B0}.Release|Any CPU.Build.0 = Release|Any CPU
		{7789D767-C8CC-4F31-9514-649A62357244}.Debug|Any CPU.ActiveCfg = Debug|Any CPU
		{7789D767-C8CC-4F31-9514-649A62357244}.Debug|Any CPU.Build.0 = Debug|Any CPU
		{7789D767-C8CC-4F31-9514-649A62357244}.Release|Any CPU.ActiveCfg = Release|Any CPU
		{7789D767-C8CC-4F31-9514-649A62357244}.Release|Any CPU.Build.0 = Release|Any CPU
		{9970D11F-0009-4F69-8DAC-D5EA2EF0A415}.Debug|Any CPU.ActiveCfg = Debug|Any CPU
		{9970D11F-0009-4F69-8DAC-D5EA2EF0A415}.Debug|Any CPU.Build.0 = Debug|Any CPU
		{9970D11F-0009-4F69-8DAC-D5EA2EF0A415}.Release|Any CPU.ActiveCfg = Release|Any CPU
		{9970D11F-0009-4F69-8DAC-D5EA2EF0A415}.Release|Any CPU.Build.0 = Release|Any CPU
		{9C6336DD-D251-4645-A3DC-5113C24836FA}.Debug|Any CPU.ActiveCfg = Debug|Any CPU
		{9C6336DD-D251-4645-A3DC-5113C24836FA}.Debug|Any CPU.Build.0 = Debug|Any CPU
		{9C6336DD-D251-4645-A3DC-5113C24836FA}.Release|Any CPU.ActiveCfg = Release|Any CPU
		{9C6336DD-D251-4645-A3DC-5113C24836FA}.Release|Any CPU.Build.0 = Release|Any CPU
	EndGlobalSection
	GlobalSection(SolutionProperties) = preSolution
		HideSolutionNode = FALSE
	EndGlobalSection
	GlobalSection(ExtensibilityGlobals) = postSolution
		SolutionGuid = {A6C58471-8EDD-447B-8453-A66FC8C1E870}
	EndGlobalSection
EndGlobal
